
Microsoft Visual Studio Solution File, Format Version 12.00
# Visual Studio Version 17
VisualStudioVersion = 17.0.31903.59
MinimumVisualStudioVersion = 10.0.40219.1
Project("{FAE04EC0-301F-11D3-BF4B-00C04F79EFBC}") = "ValidateTheNameModelBinding", "InvarianceDTOandModel\ValidateTheNameModelBinding.csproj", "{5A663427-05B4-4EEA-9FFB-5CA96A621230}"
EndProject
Project("{FAE04EC0-301F-11D3-BF4B-00C04F79EFBC}") = "Invariance.Tests", "Invariance.Tests\Invariance.Tests.csproj", "{EC1903CE-C0C5-49FE-838F-B1C8A90BA5F1}"
EndProject
Global
	GlobalSection(SolutionConfigurationPlatforms) = preSolution
		Debug|Any CPU = Debug|Any CPU
		Release|Any CPU = Release|Any CPU
	EndGlobalSection
	GlobalSection(SolutionProperties) = preSolution
		HideSolutionNode = FALSE
	EndGlobalSection
	GlobalSection(ProjectConfigurationPlatforms) = postSolution
		{5A663427-05B4-4EEA-9FFB-5CA96A621230}.Debug|Any CPU.ActiveCfg = Debug|Any CPU
		{5A663427-05B4-4EEA-9FFB-5CA96A621230}.Debug|Any CPU.Build.0 = Debug|Any CPU
		{5A663427-05B4-4EEA-9FFB-5CA96A621230}.Release|Any CPU.ActiveCfg = Release|Any CPU
		{5A663427-05B4-4EEA-9FFB-5CA96A621230}.Release|Any CPU.Build.0 = Release|Any CPU
		{EC1903CE-C0C5-49FE-838F-B1C8A90BA5F1}.Debug|Any CPU.ActiveCfg = Debug|Any CPU
		{EC1903CE-C0C5-49FE-838F-B1C8A90BA5F1}.Debug|Any CPU.Build.0 = Debug|Any CPU
		{EC1903CE-C0C5-49FE-838F-B1C8A90BA5F1}.Release|Any CPU.ActiveCfg = Release|Any CPU
		{EC1903CE-C0C5-49FE-838F-B1C8A90BA5F1}.Release|Any CPU.Build.0 = Release|Any CPU
	EndGlobalSection
EndGlobal
